{
  "nodes": {
    "agenix": {
      "inputs": {
        "darwin": "darwin",
        "nixpkgs": [
          "nixpkgs"
        ]
      },
      "locked": {
        "lastModified": 1682101079,
        "narHash": "sha256-MdAhtjrLKnk2uiqun1FWABbKpLH090oeqCSiWemtuck=",
        "owner": "ryantm",
        "repo": "agenix",
        "rev": "2994d002dcff5353ca1ac48ec584c7f6589fe447",
        "type": "github"
      },
      "original": {
        "owner": "ryantm",
        "repo": "agenix",
        "type": "github"
      }
    },
    "darwin": {
      "inputs": {
        "nixpkgs": [
          "agenix",
          "nixpkgs"
        ]
      },
      "locked": {
        "lastModified": 1673295039,
        "narHash": "sha256-AsdYgE8/GPwcelGgrntlijMg4t3hLFJFCRF3tL5WVjA=",
        "owner": "lnl7",
        "repo": "nix-darwin",
        "rev": "87b9d090ad39b25b2400029c64825fc2a8868943",
        "type": "github"
      },
      "original": {
        "owner": "lnl7",
        "ref": "master",
        "repo": "nix-darwin",
        "type": "github"
      }
    },
    "darwin_2": {
      "inputs": {
        "nixpkgs": [
          "nixpkgs"
        ]
      },
      "locked": {
        "lastModified": 1682773107,
        "narHash": "sha256-+h94XeJnG3uk5imJlBi/1lVmcfCbxHpwZp5u7n3Krwg=",
        "owner": "lnl7",
        "repo": "nix-darwin",
        "rev": "379d42fad6bc5c28f79d5f7ff2fa5f1c90cb7bf8",
        "type": "github"
      },
      "original": {
        "owner": "lnl7",
        "ref": "master",
        "repo": "nix-darwin",
        "type": "github"
      }
    },
    "home-manager": {
      "inputs": {
        "nixpkgs": [
          "nixpkgs"
        ]
      },
      "locked": {
        "lastModified": 1683276747,
        "narHash": "sha256-T3st1VBg3wmhHyBQb0z12sTSGsQgiu3mxkS61nLO8Xs=",
        "owner": "nix-community",
        "repo": "home-manager",
        "rev": "669669fcb403e3137dfe599bbcc26e60502c3543",
        "type": "github"
      },
      "original": {
        "owner": "nix-community",
        "repo": "home-manager",
        "type": "github"
      }
    },
    "nixpkgs": {
      "locked": {
        "lastModified": 1683286087,
        "narHash": "sha256-xseOd7W7xwF5GOF2RW8qhjmVGrKoBz+caBlreaNzoeI=",
        "owner": "NixOS",
        "repo": "nixpkgs",
        "rev": "3e313808bd2e0a0669430787fb22e43b2f4bf8bf",
        "type": "github"
      },
      "original": {
        "id": "nixpkgs",
        "ref": "nixos-unstable",
        "type": "indirect"
      }
    },
    "root": {
      "inputs": {
        "agenix": "agenix",
        "darwin": "darwin_2",
        "home-manager": "home-manager",
        "nixpkgs": "nixpkgs"
      }
    }
  },
  "root": "root",
  "version": 7
}
